
Microsoft Visual Studio Solution File, Format Version 12.00
# Visual Studio Version 16
VisualStudioVersion = 16.0.33927.289
MinimumVisualStudioVersion = 10.0.40219.1
Project("{FAE04EC0-301F-11D3-BF4B-00C04F79EFBC}") = "PictureApp", "PictureApp\PictureApp.csproj", "{9E5C9308-AB25-4886-BDDB-1D10AC1CBFC1}"
EndProject
Global
	GlobalSection(SolutionConfigurationPlatforms) = preSolution
		Debug|Any CPU = Debug|Any CPU
		Release|Any CPU = Release|Any CPU
	EndGlobalSection
	GlobalSection(ProjectConfigurationPlatforms) = postSolution
		{9E5C9308-AB25-4886-BDDB-1D10AC1CBFC1}.Debug|Any CPU.ActiveCfg = Debug|Any CPU
		{9E5C9308-AB25-4886-BDDB-1D10AC1CBFC1}.Debug|Any CPU.Build.0 = Debug|Any CPU
		{9E5C9308-AB25-4886-BDDB-1D10AC1CBFC1}.Release|Any CPU.ActiveCfg = Release|Any CPU
		{9E5C9308-AB25-4886-BDDB-1D10AC1CBFC1}.Release|Any CPU.Build.0 = Release|Any CPU
	EndGlobalSection
	GlobalSection(SolutionProperties) = preSolution
		HideSolutionNode = FALSE
	EndGlobalSection
	GlobalSection(ExtensibilityGlobals) = postSolution
		SolutionGuid = {7321D603-5703-4F2E-A68D-4B83717EF046}
	EndGlobalSection
EndGlobal
